
Microsoft Visual Studio Solution File, Format Version 12.00
# Visual Studio Version 17
VisualStudioVersion = 17.3.32901.215
MinimumVisualStudioVersion = 10.0.40219.1
Project("{9A19103F-16F7-4668-BE54-9A1E7A4F7556}") = "authservice", "authservice\authservice.csproj", "{2E5376B6-95EF-46D9-85BD-ABD4A82960B8}"
EndProject
Project("{FAE04EC0-301F-11D3-BF4B-00C04F79EFBC}") = "authservice.Tests", "authservice.Tests\authservice.Tests.csproj", "{40394DF0-A993-434D-927C-83BAD53A4F72}"
EndProject
Global
	GlobalSection(SolutionConfigurationPlatforms) = preSolution
		Debug|Any CPU = Debug|Any CPU
		Release|Any CPU = Release|Any CPU
	EndGlobalSection
	GlobalSection(ProjectConfigurationPlatforms) = postSolution
		{2E5376B6-95EF-46D9-85BD-ABD4A82960B8}.Debug|Any CPU.ActiveCfg = Debug|Any CPU
		{2E5376B6-95EF-46D9-85BD-ABD4A82960B8}.Debug|Any CPU.Build.0 = Debug|Any CPU
		{2E5376B6-95EF-46D9-85BD-ABD4A82960B8}.Release|Any CPU.ActiveCfg = Release|Any CPU
		{2E5376B6-95EF-46D9-85BD-ABD4A82960B8}.Release|Any CPU.Build.0 = Release|Any CPU
		{40394DF0-A993-434D-927C-83BAD53A4F72}.Debug|Any CPU.ActiveCfg = Debug|Any CPU
		{40394DF0-A993-434D-927C-83BAD53A4F72}.Debug|Any CPU.Build.0 = Debug|Any CPU
		{40394DF0-A993-434D-927C-83BAD53A4F72}.Release|Any CPU.ActiveCfg = Release|Any CPU
		{40394DF0-A993-434D-927C-83BAD53A4F72}.Release|Any CPU.Build.0 = Release|Any CPU
	EndGlobalSection
	GlobalSection(SolutionProperties) = preSolution
		HideSolutionNode = FALSE
	EndGlobalSection
	GlobalSection(ExtensibilityGlobals) = postSolution
		SolutionGuid = {75175AE9-FFAF-4310-91A4-2B09142EE460}
	EndGlobalSection
EndGlobal
